// !$*UTF8*$!
{
	archiveVersion = 1;
	classes = {
	};
	objectVersion = 46;
	objects = {

/* Begin PBXBuildFile section */
		FDE7D92C1E9257A1001215A5 /* AppDelegate.swift in Sources */ = {isa = PBXBuildFile; fileRef = FDE7D92B1E9257A1001215A5 /* AppDelegate.swift */; };
		FDE7D92E1E9257A1001215A5 /* ViewController.swift in Sources */ = {isa = PBXBuildFile; fileRef = FDE7D92D1E9257A1001215A5 /* ViewController.swift */; };
		FDE7D9311E9257A1001215A5 /* Main.storyboard in Resources */ = {isa = PBXBuildFile; fileRef = FDE7D92F1E9257A1001215A5 /* Main.storyboard */; };
		FDE7D9341E9257A1001215A5 /* CoreDataBase.xcdatamodeld in Sources */ = {isa = PBXBuildFile; fileRef = FDE7D9321E9257A1001215A5 /* CoreDataBase.xcdatamodeld */; };
		FDE7D9361E9257A1001215A5 /* Assets.xcassets in Resources */ = {isa = PBXBuildFile; fileRef = FDE7D9351E9257A1001215A5 /* Assets.xcassets */; };
		FDE7D9391E9257A1001215A5 /* LaunchScreen.storyboard in Resources */ = {isa = PBXBuildFile; fileRef = FDE7D9371E9257A1001215A5 /* LaunchScreen.storyboard */; };
		FDE7D9441E9257A1001215A5 /* CoreDataBaseTests.swift in Sources */ = {isa = PBXBuildFile; fileRef = FDE7D9431E9257A1001215A5 /* CoreDataBaseTests.swift */; };
		FDE7D94F1E9257A1001215A5 /* CoreDataBaseUITests.swift in Sources */ = {isa = PBXBuildFile; fileRef = FDE7D94E1E9257A1001215A5 /* CoreDataBaseUITests.swift */; };
/* End PBXBuildFile section */

/* Begin PBXContainerItemProxy section */
		FDE7D9401E9257A1001215A5 /* PBXContainerItemProxy */ = {
			isa = PBXContainerItemProxy;
			containerPortal = FDE7D9201E9257A1001215A5 /* Project object */;
			proxyType = 1;
			remoteGlobalIDString = FDE7D9271E9257A1001215A5;
			remoteInfo = CoreDataBase;
		};
		FDE7D94B1E9257A1001215A5 /* PBXContainerItemProxy */ = {
			isa = PBXContainerItemProxy;
			containerPortal = FDE7D9201E9257A1001215A5 /* Project object */;
			proxyType = 1;
			remoteGlobalIDString = FDE7D9271E9257A1001215A5;
			remoteInfo = CoreDataBase;
		};
/* End PBXContainerItemProxy section */

/* Begin PBXFileReference section */
		FDE7D9281E9257A1001215A5 /* CoreDataBase.app */ = {isa = PBXFileReference; explicitFileType = wrapper.application; includeInIndex = 0; path = CoreDataBase.app; sourceTree = BUILT_PRODUCTS_DIR; };
		FDE7D92B1E9257A1001215A5 /* AppDelegate.swift */ = {isa = PBXFileReference; lastKnownFileType = sourcecode.swift; path = AppDelegate.swift; sourceTree = "<group>"; };
		FDE7D92D1E9257A1001215A5 /* ViewController.swift */ = {isa = PBXFileReference; lastKnownFileType = sourcecode.swift; path = ViewController.swift; sourceTree = "<group>"; };
		FDE7D9301E9257A1001215A5 /* Base */ = {isa = PBXFileReference; lastKnownFileType = file.storyboard; name = Base; path = Base.lproj/Main.storyboard; sourceTree = "<group>"; };
		FDE7D9331E9257A1001215A5 /* CoreDataBase.xcdatamodel */ = {isa = PBXFileReference; lastKnownFileType = wrapper.xcdatamodel; path = CoreDataBase.xcdatamodel; sourceTree = "<group>"; };
		FDE7D9351E9257A1001215A5 /* Assets.xcassets */ = {isa = PBXFileReference; lastKnownFileType = folder.assetcatalog; path = Assets.xcassets; sourceTree = "<group>"; };
		FDE7D9381E9257A1001215A5 /* Base */ = {isa = PBXFileReference; lastKnownFileType = file.storyboard; name = Base; path = Base.lproj/LaunchScreen.storyboard; sourceTree = "<group>"; };
		FDE7D93A1E9257A1001215A5 /* Info.plist */ = {isa = PBXFileReference; lastKnownFileType = text.plist.xml; path = Info.plist; sourceTree = "<group>"; };
		FDE7D93F1E9257A1001215A5 /* CoreDataBaseTests.xctest */ = {isa = PBXFileReference; explicitFileType = wrapper.cfbundle; includeInIndex = 0; path = CoreDataBaseTests.xctest; sourceTree = BUILT_PRODUCTS_DIR; };
		FDE7D9431E9257A1001215A5 /* CoreDataBaseTests.swift */ = {isa = PBXFileReference; lastKnownFileType = sourcecode.swift; path = CoreDataBaseTests.swift; sourceTree = "<group>"; };
		FDE7D9451E9257A1001215A5 /* Info.plist */ = {isa = PBXFileReference; lastKnownFileType = text.plist.xml; path = Info.plist; sourceTree = "<group>"; };
		FDE7D94A1E9257A1001215A5 /* CoreDataBaseUITests.xctest */ = {isa = PBXFileReference; explicitFileType = wrapper.cfbundle; includeInIndex = 0; path = CoreDataBaseUITests.xctest; sourceTree = BUILT_PRODUCTS_DIR; };
		FDE7D94E1E9257A1001215A5 /* CoreDataBaseUITests.swift */ = {isa = PBXFileReference; lastKnownFileType = sourcecode.swift; path = CoreDataBaseUITests.swift; sourceTree = "<group>"; };
		FDE7D9501E9257A1001215A5 /* Info.plist */ = {isa = PBXFileReference; lastKnownFileType = text.plist.xml; path = Info.plist; sourceTree = "<group>"; };
/* End PBXFileReference section */

/* Begin PBXFrameworksBuildPhase section */
		FDE7D9251E9257A1001215A5 /* Frameworks */ = {
			isa = PBXFrameworksBuildPhase;
			buildActionMask = 2147483647;
			files = (
			);
			runOnlyForDeploymentPostprocessing = 0;
		};
		FDE7D93C1E9257A1001215A5 /* Frameworks */ = {
			isa = PBXFrameworksBuildPhase;
			buildActionMask = 2147483647;
			files = (
			);
			runOnlyForDeploymentPostprocessing = 0;
		};
		FDE7D9471E9257A1001215A5 /* Frameworks */ = {
			isa = PBXFrameworksBuildPhase;
			buildActionMask = 2147483647;
			files = (
			);
			runOnlyForDeploymentPostprocessing = 0;
		};
/* End PBXFrameworksBuildPhase section */

/* Begin PBXGroup section */
		FDE7D91F1E9257A1001215A5 = {
			isa = PBXGroup;
			children = (
				FDE7D92A1E9257A1001215A5 /* CoreDataBase */,
				FDE7D9421E9257A1001215A5 /* CoreDataBaseTests */,
				FDE7D94D1E9257A1001215A5 /* CoreDataBaseUITests */,
				FDE7D9291E9257A1001215A5 /* Products */,
			);
			sourceTree = "<group>";
		};
		FDE7D9291E9257A1001215A5 /* Products */ = {
			isa = PBXGroup;
			children = (
				FDE7D9281E9257A1001215A5 /* CoreDataBase.app */,
				FDE7D93F1E9257A1001215A5 /* CoreDataBaseTests.xctest */,
				FDE7D94A1E9257A1001215A5 /* CoreDataBaseUITests.xctest */,
			);
			name = Products;
			sourceTree = "<group>";
		};
		FDE7D92A1E9257A1001215A5 /* CoreDataBase */ = {
			isa = PBXGroup;
			children = (
				FDE7D92B1E9257A1001215A5 /* AppDelegate.swift */,
				FDE7D92D1E9257A1001215A5 /* ViewController.swift */,
				FDE7D92F1E9257A1001215A5 /* Main.storyboard */,
				FDE7D9351E9257A1001215A5 /* Assets.xcassets */,
				FDE7D9371E9257A1001215A5 /* LaunchScreen.storyboard */,
				FDE7D93A1E9257A1001215A5 /* Info.plist */,
				FDE7D9321E9257A1001215A5 /* CoreDataBase.xcdatamodeld */,
			);
			path = CoreDataBase;
			sourceTree = "<group>";
		};
		FDE7D9421E9257A1001215A5 /* CoreDataBaseTests */ = {
			isa = PBXGroup;
			children = (
				FDE7D9431E9257A1001215A5 /* CoreDataBaseTests.swift */,
				FDE7D9451E9257A1001215A5 /* Info.plist */,
			);
			path = CoreDataBaseTests;
			sourceTree = "<group>";
		};
		FDE7D94D1E9257A1001215A5 /* CoreDataBaseUITests */ = {
			isa = PBXGroup;
			children = (
				FDE7D94E1E9257A1001215A5 /* CoreDataBaseUITests.swift */,
				FDE7D9501E9257A1001215A5 /* Info.plist */,
			);
			path = CoreDataBaseUITests;
			sourceTree = "<group>";
		};
/* End PBXGroup section */

/* Begin PBXNativeTarget section */
		FDE7D9271E9257A1001215A5 /* CoreDataBase */ = {
			isa = PBXNativeTarget;
			buildConfigurationList = FDE7D9531E9257A1001215A5 /* Build configuration list for PBXNativeTarget "CoreDataBase" */;
			buildPhases = (
				FDE7D9241E9257A1001215A5 /* Sources */,
				FDE7D9251E9257A1001215A5 /* Frameworks */,
				FDE7D9261E9257A1001215A5 /* Resources */,
			);
			buildRules = (
			);
			dependencies = (
			);
			name = CoreDataBase;
			productName = CoreDataBase;
			productReference = FDE7D9281E9257A1001215A5 /* CoreDataBase.app */;
			productType = "com.apple.product-type.application";
		};
		FDE7D93E1E9257A1001215A5 /* CoreDataBaseTests */ = {
			isa = PBXNativeTarget;
			buildConfigurationList = FDE7D9561E9257A1001215A5 /* Build configuration list for PBXNativeTarget "CoreDataBaseTests" */;
			buildPhases = (
				FDE7D93B1E9257A1001215A5 /* Sources */,
				FDE7D93C1E9257A1001215A5 /* Frameworks */,
				FDE7D93D1E9257A1001215A5 /* Resources */,
			);
			buildRules = (
			);
			dependencies = (
				FDE7D9411E9257A1001215A5 /* PBXTargetDependency */,
			);
			name = CoreDataBaseTests;
			productName = CoreDataBaseTests;
			productReference = FDE7D93F1E9257A1001215A5 /* CoreDataBaseTests.xctest */;
			productType = "com.apple.product-type.bundle.unit-test";
		};
		FDE7D9491E9257A1001215A5 /* CoreDataBaseUITests */ = {
			isa = PBXNativeTarget;
			buildConfigurationList = FDE7D9591E9257A1001215A5 /* Build configuration list for PBXNativeTarget "CoreDataBaseUITests" */;
			buildPhases = (
				FDE7D9461E9257A1001215A5 /* Sources */,
				FDE7D9471E9257A1001215A5 /* Frameworks */,
				FDE7D9481E9257A1001215A5 /* Resources */,
			);
			buildRules = (
			);
			dependencies = (
				FDE7D94C1E9257A1001215A5 /* PBXTargetDependency */,
			);
			name = CoreDataBaseUITests;
			productName = CoreDataBaseUITests;
			productReference = FDE7D94A1E9257A1001215A5 /* CoreDataBaseUITests.xctest */;
			productType = "com.apple.product-type.bundle.ui-testing";
		};
/* End PBXNativeTarget section */

/* Begin PBXProject section */
		FDE7D9201E9257A1001215A5 /* Project object */ = {
			isa = PBXProject;
			attributes = {
				LastSwiftUpdateCheck = 0820;
				LastUpgradeCheck = 0820;
				ORGANIZATIONNAME = "vikash kumar";
				TargetAttributes = {
					FDE7D9271E9257A1001215A5 = {
						CreatedOnToolsVersion = 8.2.1;
						ProvisioningStyle = Automatic;
					};
					FDE7D93E1E9257A1001215A5 = {
						CreatedOnToolsVersion = 8.2.1;
						ProvisioningStyle = Automatic;
						TestTargetID = FDE7D9271E9257A1001215A5;
					};
					FDE7D9491E9257A1001215A5 = {
						CreatedOnToolsVersion = 8.2.1;
						ProvisioningStyle = Automatic;
						TestTargetID = FDE7D9271E9257A1001215A5;
					};
				};
			};
			buildConfigurationList = FDE7D9231E9257A1001215A5 /* Build configuration list for PBXProject "CoreDataBase" */;
			compatibilityVersion = "Xcode 3.2";
			developmentRegion = English;
			hasScannedForEncodings = 0;
			knownRegions = (
				en,
				Base,
			);
			mainGroup = FDE7D91F1E9257A1001215A5;
			productRefGroup = FDE7D9291E9257A1001215A5 /* Products */;
			projectDirPath = "";
			projectRoot = "";
			targets = (
				FDE7D9271E9257A1001215A5 /* CoreDataBase */,
				FDE7D93E1E9257A1001215A5 /* CoreDataBaseTests */,
				FDE7D9491E9257A1001215A5 /* CoreDataBaseUITests */,
			);
		};
/* End PBXProject section */

/* Begin PBXResourcesBuildPhase section */
		FDE7D9261E9257A1001215A5 /* Resources */ = {
			isa = PBXResourcesBuildPhase;
			buildActionMask = 2147483647;
			files = (
				FDE7D9391E9257A1001215A5 /* LaunchScreen.storyboard in Resources */,
				FDE7D9361E9257A1001215A5 /* Assets.xcassets in Resources */,
				FDE7D9311E9257A1001215A5 /* Main.storyboard in Resources */,
			);
			runOnlyForDeploymentPostprocessing = 0;
		};
		FDE7D93D1E9257A1001215A5 /* Resources */ = {
			isa = PBXResourcesBuildPhase;
			buildActionMask = 2147483647;
			files = (
			);
			runOnlyForDeploymentPostprocessing = 0;
		};
		FDE7D9481E9257A1001215A5 /* Resources */ = {
			isa = PBXResourcesBuildPhase;
			buildActionMask = 2147483647;
			files = (
			);
			runOnlyForDeploymentPostprocessing = 0;
		};
/* End PBXResourcesBuildPhase section */

/* Begin PBXSourcesBuildPhase section */
		FDE7D9241E9257A1001215A5 /* Sources */ = {
			isa = PBXSourcesBuildPhase;
			buildActionMask = 2147483647;
			files = (
				FDE7D92E1E9257A1001215A5 /* ViewController.swift in Sources */,
				FDE7D9341E9257A1001215A5 /* CoreDataBase.xcdatamodeld in Sources */,
				FDE7D92C1E9257A1001215A5 /* AppDelegate.swift in Sources */,
			);
			runOnlyForDeploymentPostprocessing = 0;
		};
		FDE7D93B1E9257A1001215A5 /* Sources */ = {
			isa = PBXSourcesBuildPhase;
			buildActionMask = 2147483647;
			files = (
				FDE7D9441E9257A1001215A5 /* CoreDataBaseTests.swift in Sources */,
			);
			runOnlyForDeploymentPostprocessing = 0;
		};
		FDE7D9461E9257A1001215A5 /* Sources */ = {
			isa = PBXSourcesBuildPhase;
			buildActionMask = 2147483647;
			files = (
				FDE7D94F1E9257A1001215A5 /* CoreDataBaseUITests.swift in Sources */,
			);
			runOnlyForDeploymentPostprocessing = 0;
		};
/* End PBXSourcesBuildPhase section */

/* Begin PBXTargetDependency section */
		FDE7D9411E9257A1001215A5 /* PBXTargetDependency */ = {
			isa = PBXTargetDependency;
			target = FDE7D9271E9257A1001215A5 /* CoreDataBase */;
			targetProxy = FDE7D9401E9257A1001215A5 /* PBXContainerItemProxy */;
		};
		FDE7D94C1E9257A1001215A5 /* PBXTargetDependency */ = {
			isa = PBXTargetDependency;
			target = FDE7D9271E9257A1001215A5 /* CoreDataBase */;
			targetProxy = FDE7D94B1E9257A1001215A5 /* PBXContainerItemProxy */;
		};
/* End PBXTargetDependency section */

/* Begin PBXVariantGroup section */
		FDE7D92F1E9257A1001215A5 /* Main.storyboard */ = {
			isa = PBXVariantGroup;
			children = (
				FDE7D9301E9257A1001215A5 /* Base */,
			);
			name = Main.storyboard;
			sourceTree = "<group>";
		};
		FDE7D9371E9257A1001215A5 /* LaunchScreen.storyboard */ = {
			isa = PBXVariantGroup;
			children = (
				FDE7D9381E9257A1001215A5 /* Base */,
			);
			name = LaunchScreen.storyboard;
			sourceTree = "<group>";
		};
/* End PBXVariantGroup section */

/* Begin XCBuildConfiguration section */
		FDE7D9511E9257A1001215A5 /* Debug */ = {
			isa = XCBuildConfiguration;
			buildSettings = {
				ALWAYS_SEARCH_USER_PATHS = NO;
				CLANG_ANALYZER_NONNULL = YES;
				CLANG_CXX_LANGUAGE_STANDARD = "gnu++0x";
				CLANG_CXX_LIBRARY = "libc++";
				CLANG_ENABLE_MODULES = YES;
				CLANG_ENABLE_OBJC_ARC = YES;
				CLANG_WARN_BOOL_CONVERSION = YES;
				CLANG_WARN_CONSTANT_CONVERSION = YES;
				CLANG_WARN_DIRECT_OBJC_ISA_USAGE = YES_ERROR;
				CLANG_WARN_DOCUMENTATION_COMMENTS = YES;
				CLANG_WARN_EMPTY_BODY = YES;
				CLANG_WARN_ENUM_CONVERSION = YES;
				CLANG_WARN_INFINITE_RECURSION = YES;
				CLANG_WARN_INT_CONVERSION = YES;
				CLANG_WARN_OBJC_ROOT_CLASS = YES_ERROR;
				CLANG_WARN_SUSPICIOUS_MOVE = YES;
				CLANG_WARN_UNREACHABLE_CODE = YES;
				CLANG_WARN__DUPLICATE_METHOD_MATCH = YES;
				"CODE_SIGN_IDENTITY[sdk=iphoneos*]" = "iPhone Developer";
				COPY_PHASE_STRIP = NO;
				DEBUG_INFORMATION_FORMAT = dwarf;
				ENABLE_STRICT_OBJC_MSGSEND = YES;
				ENABLE_TESTABILITY = YES;
				GCC_C_LANGUAGE_STANDARD = gnu99;
				GCC_DYNAMIC_NO_PIC = NO;
				GCC_NO_COMMON_BLOCKS = YES;
				GCC_OPTIMIZATION_LEVEL = 0;
				GCC_PREPROCESSOR_DEFINITIONS = (
					"DEBUG=1",
					"$(inherited)",
				);
				GCC_WARN_64_TO_32_BIT_CONVERSION = YES;
				GCC_WARN_ABOUT_RETURN_TYPE = YES_ERROR;
				GCC_WARN_UNDECLARED_SELECTOR = YES;
				GCC_WARN_UNINITIALIZED_AUTOS = YES_AGGRESSIVE;
				GCC_WARN_UNUSED_FUNCTION = YES;
				GCC_WARN_UNUSED_VARIABLE = YES;
				IPHONEOS_DEPLOYMENT_TARGET = 10.2;
				MTL_ENABLE_DEBUG_INFO = YES;
				ONLY_ACTIVE_ARCH = YES;
				SDKROOT = iphoneos;
				SWIFT_ACTIVE_COMPILATION_CONDITIONS = DEBUG;
				SWIFT_OPTIMIZATION_LEVEL = "-Onone";
			};
			name = Debug;
		};
		FDE7D9521E9257A1001215A5 /* Release */ = {
			isa = XCBuildConfiguration;
			buildSettings = {
				ALWAYS_SEARCH_USER_PATHS = NO;
				CLANG_ANALYZER_NONNULL = YES;
				CLANG_CXX_LANGUAGE_STANDARD = "gnu++0x";
				CLANG_CXX_LIBRARY = "libc++";
				CLANG_ENABLE_MODULES = YES;
				CLANG_ENABLE_OBJC_ARC = YES;
				CLANG_WARN_BOOL_CONVERSION = YES;
				CLANG_WARN_CONSTANT_CONVERSION = YES;
				CLANG_WARN_DIRECT_OBJC_ISA_USAGE = YES_ERROR;
				CLANG_WARN_DOCUMENTATION_COMMENTS = YES;
				CLANG_WARN_EMPTY_BODY = YES;
				CLANG_WARN_ENUM_CONVERSION = YES;
				CLANG_WARN_INFINITE_RECURSION = YES;
				CLANG_WARN_INT_CONVERSION = YES;
				CLANG_WARN_OBJC_ROOT_CLASS = YES_ERROR;
				CLANG_WARN_SUSPICIOUS_MOVE = YES;
				CLANG_WARN_UNREACHABLE_CODE = YES;
				CLANG_WARN__DUPLICATE_METHOD_MATCH = YES;
				"CODE_SIGN_IDENTITY[sdk=iphoneos*]" = "iPhone Developer";
				COPY_PHASE_STRIP = NO;
				DEBUG_INFORMATION_FORMAT = "dwarf-with-dsym";
				ENABLE_NS_ASSERTIONS = NO;
				ENABLE_STRICT_OBJC_MSGSEND = YES;
				GCC_C_LANGUAGE_STANDARD = gnu99;
				GCC_NO_COMMON_BLOCKS = YES;
				GCC_WARN_64_TO_32_BIT_CONVERSION = YES;
				GCC_WARN_ABOUT_RETURN_TYPE = YES_ERROR;
				GCC_WARN_UNDECLARED_SELECTOR = YES;
				GCC_WARN_UNINITIALIZED_AUTOS = YES_AGGRESSIVE;
				GCC_WARN_UNUSED_FUNCTION = YES;
				GCC_WARN_UNUSED_VARIABLE = YES;
				IPHONEOS_DEPLOYMENT_TARGET = 10.2;
				MTL_ENABLE_DEBUG_INFO = NO;
				SDKROOT = iphoneos;
				SWIFT_OPTIMIZATION_LEVEL = "-Owholemodule";
				VALIDATE_PRODUCT = YES;
			};
			name = Release;
		};
		FDE7D9541E9257A1001215A5 /* Debug */ = {
			isa = XCBuildConfiguration;
			buildSettings = {
				ASSETCATALOG_COMPILER_APPICON_NAME = AppIcon;
				INFOPLIST_FILE = CoreDataBase/Info.plist;
				LD_RUNPATH_SEARCH_PATHS = "$(inherited) @executable_path/Frameworks";
				PRODUCT_BUNDLE_IDENTIFIER = com.vikash.CoreDataBase;
				PRODUCT_NAME = "$(TARGET_NAME)";
				SWIFT_VERSION = 3.0;
			};
			name = Debug;
		};
		FDE7D9551E9257A1001215A5 /* Release */ = {
			isa = XCBuildConfiguration;
			buildSettings = {
				ASSETCATALOG_COMPILER_APPICON_NAME = AppIcon;
				INFOPLIST_FILE = CoreDataBase/Info.plist;
				LD_RUNPATH_SEARCH_PATHS = "$(inherited) @executable_path/Frameworks";
				PRODUCT_BUNDLE_IDENTIFIER = com.vikash.CoreDataBase;
				PRODUCT_NAME = "$(TARGET_NAME)";
				SWIFT_VERSION = 3.0;
			};
			name = Release;
		};
		FDE7D9571E9257A1001215A5 /* Debug */ = {
			isa = XCBuildConfiguration;
			buildSettings = {
				ALWAYS_EMBED_SWIFT_STANDARD_LIBRARIES = YES;
				BUNDLE_LOADER = "$(TEST_HOST)";
				INFOPLIST_FILE = CoreDataBaseTests/Info.plist;
				LD_RUNPATH_SEARCH_PATHS = "$(inherited) @executable_path/Frameworks @loader_path/Frameworks";
				PRODUCT_BUNDLE_IDENTIFIER = com.vikash.CoreDataBaseTests;
				PRODUCT_NAME = "$(TARGET_NAME)";
				SWIFT_VERSION = 3.0;
				TEST_HOST = "$(BUILT_PRODUCTS_DIR)/CoreDataBase.app/CoreDataBase";
			};
			name = Debug;
		};
		FDE7D9581E9257A1001215A5 /* Release */ = {
			isa = XCBuildConfiguration;
			buildSettings = {
				ALWAYS_EMBED_SWIFT_STANDARD_LIBRARIES = YES;
				BUNDLE_LOADER = "$(TEST_HOST)";
				INFOPLIST_FILE = CoreDataBaseTests/Info.plist;
				LD_RUNPATH_SEARCH_PATHS = "$(inherited) @executable_path/Frameworks @loader_path/Frameworks";
				PRODUCT_BUNDLE_IDENTIFIER = com.vikash.CoreDataBaseTests;
				PRODUCT_NAME = "$(TARGET_NAME)";
				SWIFT_VERSION = 3.0;
				TEST_HOST = "$(BUILT_PRODUCTS_DIR)/CoreDataBase.app/CoreDataBase";
			};
			name = Release;
		};
		FDE7D95A1E9257A1001215A5 /* Debug */ = {
			isa = XCBuildConfiguration;
			buildSettings = {
				ALWAYS_EMBED_SWIFT_STANDARD_LIBRARIES = YES;
				INFOPLIST_FILE = CoreDataBaseUITests/Info.plist;
				LD_RUNPATH_SEARCH_PATHS = "$(inherited) @executable_path/Frameworks @loader_path/Frameworks";
				PRODUCT_BUNDLE_IDENTIFIER = com.vikash.CoreDataBaseUITests;
				PRODUCT_NAME = "$(TARGET_NAME)";
				SWIFT_VERSION = 3.0;
				TEST_TARGET_NAME = CoreDataBase;
			};
			name = Debug;
		};
		FDE7D95B1E9257A1001215A5 /* Release */ = {
			isa = XCBuildConfiguration;
			buildSettings = {
				ALWAYS_EMBED_SWIFT_STANDARD_LIBRARIES = YES;
				INFOPLIST_FILE = CoreDataBaseUITests/Info.plist;
				LD_RUNPATH_SEARCH_PATHS = "$(inherited) @executable_path/Frameworks @loader_path/Frameworks";
				PRODUCT_BUNDLE_IDENTIFIER = com.vikash.CoreDataBaseUITests;
				PRODUCT_NAME = "$(TARGET_NAME)";
				SWIFT_VERSION = 3.0;
				TEST_TARGET_NAME = CoreDataBase;
			};
			name = Release;
		};
/* End XCBuildConfiguration section */

/* Begin XCConfigurationList section */
		FDE7D9231E9257A1001215A5 /* Build configuration list for PBXProject "CoreDataBase" */ = {
			isa = XCConfigurationList;
			buildConfigurations = (
				FDE7D9511E9257A1001215A5 /* Debug */,
				FDE7D9521E9257A1001215A5 /* Release */,
			);
			defaultConfigurationIsVisible = 0;
			defaultConfigurationName = Release;
		};
		FDE7D9531E9257A1001215A5 /* Build configuration list for PBXNativeTarget "CoreDataBase" */ = {
			isa = XCConfigurationList;
			buildConfigurations = (
				FDE7D9541E9257A1001215A5 /* Debug */,
				FDE7D9551E9257A1001215A5 /* Release */,
			);
			defaultConfigurationIsVisible = 0;
		};
		FDE7D9561E9257A1001215A5 /* Build configuration list for PBXNativeTarget "CoreDataBaseTests" */ = {
			isa = XCConfigurationList;
			buildConfigurations = (
				FDE7D9571E9257A1001215A5 /* Debug */,
				FDE7D9581E9257A1001215A5 /* Release */,
			);
			defaultConfigurationIsVisible = 0;
		};
		FDE7D9591E9257A1001215A5 /* Build configuration list for PBXNativeTarget "CoreDataBaseUITests" */ = {
			isa = XCConfigurationList;
			buildConfigurations = (
				FDE7D95A1E9257A1001215A5 /* Debug */,
				FDE7D95B1E9257A1001215A5 /* Release */,
			);
			defaultConfigurationIsVisible = 0;
		};
/* End XCConfigurationList section */

/* Begin XCVersionGroup section */
		FDE7D9321E9257A1001215A5 /* CoreDataBase.xcdatamodeld */ = {
			isa = XCVersionGroup;
			children = (
				FDE7D9331E9257A1001215A5 /* CoreDataBase.xcdatamodel */,
			);
			currentVersion = FDE7D9331E9257A1001215A5 /* CoreDataBase.xcdatamodel */;
			path = CoreDataBase.xcdatamodeld;
			sourceTree = "<group>";
			versionGroupType = wrapper.xcdatamodel;
		};
/* End XCVersionGroup section */
	};
	rootObject = FDE7D9201E9257A1001215A5 /* Project object */;
}
